
Microsoft Visual Studio Solution File, Format Version 12.00
# Visual Studio Version 17
VisualStudioVersion = 17.6.33815.320
MinimumVisualStudioVersion = 10.0.40219.1
Project("{8BC9CEB8-8B4A-11D0-8D11-00A0C91BC942}") = "人机对战五子棋", "人机对战五子棋.vcxproj", "{BC207A71-E94A-4A66-95C3-E7B0B44892C1}"
EndProject
Global
	GlobalSection(SolutionConfigurationPlatforms) = preSolution
		Debug|x64 = Debug|x64
		Debug|x86 = Debug|x86
		Release|x64 = Release|x64
		Release|x86 = Release|x86
	EndGlobalSection
	GlobalSection(ProjectConfigurationPlatforms) = postSolution
		{BC207A71-E94A-4A66-95C3-E7B0B44892C1}.Debug|x64.ActiveCfg = Debug|x64
		{BC207A71-E94A-4A66-95C3-E7B0B44892C1}.Debug|x64.Build.0 = Debug|x64
		{BC207A71-E94A-4A66-95C3-E7B0B44892C1}.Debug|x86.ActiveCfg = Debug|Win32
		{BC207A71-E94A-4A66-95C3-E7B0B44892C1}.Debug|x86.Build.0 = Debug|Win32
		{BC207A71-E94A-4A66-95C3-E7B0B44892C1}.Release|x64.ActiveCfg = Release|x64
		{BC207A71-E94A-4A66-95C3-E7B0B44892C1}.Release|x64.Build.0 = Release|x64
		{BC207A71-E94A-4A66-95C3-E7B0B44892C1}.Release|x86.ActiveCfg = Release|Win32
		{BC207A71-E94A-4A66-95C3-E7B0B44892C1}.Release|x86.Build.0 = Release|Win32
	EndGlobalSection
	GlobalSection(SolutionProperties) = preSolution
		HideSolutionNode = FALSE
	EndGlobalSection
	GlobalSection(ExtensibilityGlobals) = postSolution
		SolutionGuid = {A9A4BDF4-4817-49E1-9FFD-3AFF5776F879}
	EndGlobalSection
EndGlobal
